
Microsoft Visual Studio Solution File, Format Version 12.00
# Visual Studio Express 15 for Windows Desktop
VisualStudioVersion = 15.0.28307.1738
MinimumVisualStudioVersion = 10.0.40219.1
Project("{8BC9CEB8-8B4A-11D0-8D11-00A0C91BC942}") = "UDP-Client_WinSock", "WinSock\WinSock.vcxproj", "{3E53654E-531E-4183-B3DD-A61397B3BEBF}"
EndProject
Project("{8BC9CEB8-8B4A-11D0-8D11-00A0C91BC942}") = "UDP-Server_WinSock", "UDP-Server_WinSock\UDP-Server_WinSock.vcxproj", "{AB25331B-BE7A-4416-A2DB-EBC7BF6E2DA1}"
EndProject
Global
	GlobalSection(SolutionConfigurationPlatforms) = preSolution
		Debug|x64 = Debug|x64
		Debug|x86 = Debug|x86
		Release|x64 = Release|x64
		Release|x86 = Release|x86
	EndGlobalSection
	GlobalSection(ProjectConfigurationPlatforms) = postSolution
		{3E53654E-531E-4183-B3DD-A61397B3BEBF}.Debug|x64.ActiveCfg = Debug|x64
		{3E53654E-531E-4183-B3DD-A61397B3BEBF}.Debug|x64.Build.0 = Debug|x64
		{3E53654E-531E-4183-B3DD-A61397B3BEBF}.Debug|x86.ActiveCfg = Debug|Win32
		{3E53654E-531E-4183-B3DD-A61397B3BEBF}.Debug|x86.Build.0 = Debug|Win32
		{3E53654E-531E-4183-B3DD-A61397B3BEBF}.Release|x64.ActiveCfg = Release|x64
		{3E53654E-531E-4183-B3DD-A61397B3BEBF}.Release|x64.Build.0 = Release|x64
		{3E53654E-531E-4183-B3DD-A61397B3BEBF}.Release|x86.ActiveCfg = Release|Win32
		{3E53654E-531E-4183-B3DD-A61397B3BEBF}.Release|x86.Build.0 = Release|Win32
		{AB25331B-BE7A-4416-A2DB-EBC7BF6E2DA1}.Debug|x64.ActiveCfg = Debug|x64
		{AB25331B-BE7A-4416-A2DB-EBC7BF6E2DA1}.Debug|x64.Build.0 = Debug|x64
		{AB25331B-BE7A-4416-A2DB-EBC7BF6E2DA1}.Debug|x86.ActiveCfg = Debug|Win32
		{AB25331B-BE7A-4416-A2DB-EBC7BF6E2DA1}.Debug|x86.Build.0 = Debug|Win32
		{AB25331B-BE7A-4416-A2DB-EBC7BF6E2DA1}.Release|x64.ActiveCfg = Release|x64
		{AB25331B-BE7A-4416-A2DB-EBC7BF6E2DA1}.Release|x64.Build.0 = Release|x64
		{AB25331B-BE7A-4416-A2DB-EBC7BF6E2DA1}.Release|x86.ActiveCfg = Release|Win32
		{AB25331B-BE7A-4416-A2DB-EBC7BF6E2DA1}.Release|x86.Build.0 = Release|Win32
	EndGlobalSection
	GlobalSection(SolutionProperties) = preSolution
		HideSolutionNode = FALSE
	EndGlobalSection
	GlobalSection(ExtensibilityGlobals) = postSolution
		SolutionGuid = {00B8B4B8-BD7A-4AD4-BDE6-123A65B165C2}
	EndGlobalSection
EndGlobal
